// !$*UTF8*$!
{
	archiveVersion = 1;
	classes = {
	};
	objectVersion = 46;
	objects = {

/* Begin PBXBuildFile section */
		9BE7F46C1B54BCE900D40AC1 /* main.m in Sources */ = {isa = PBXBuildFile; fileRef = 9BE7F46B1B54BCE900D40AC1 /* main.m */; };
		9BE7F46F1B54BCE900D40AC1 /* AppDelegate.m in Sources */ = {isa = PBXBuildFile; fileRef = 9BE7F46E1B54BCE900D40AC1 /* AppDelegate.m */; };
		9BE7F4711B54BCE900D40AC1 /* Images.xcassets in Resources */ = {isa = PBXBuildFile; fileRef = 9BE7F4701B54BCE900D40AC1 /* Images.xcassets */; };
		9BE7F4741B54BCE900D40AC1 /* LaunchScreen.xib in Resources */ = {isa = PBXBuildFile; fileRef = 9BE7F4721B54BCE900D40AC1 /* LaunchScreen.xib */; };
		9BE7F4801B54BCE900D40AC1 /* DeTiTests.m in Sources */ = {isa = PBXBuildFile; fileRef = 9BE7F47F1B54BCE900D40AC1 /* DeTiTests.m */; };
/* End PBXBuildFile section */

/* Begin PBXContainerItemProxy section */
		9BE7F47A1B54BCE900D40AC1 /* PBXContainerItemProxy */ = {
			isa = PBXContainerItemProxy;
			containerPortal = 9BE7F45E1B54BCE900D40AC1 /* Project object */;
			proxyType = 1;
			remoteGlobalIDString = 9BE7F4651B54BCE900D40AC1;
			remoteInfo = DeTi;
		};
/* End PBXContainerItemProxy section */

/* Begin PBXFileReference section */
		9BE7F4661B54BCE900D40AC1 /* DeTi.app */ = {isa = PBXFileReference; explicitFileType = wrapper.application; includeInIndex = 0; path = DeTi.app; sourceTree = BUILT_PRODUCTS_DIR; };
		9BE7F46A1B54BCE900D40AC1 /* Info.plist */ = {isa = PBXFileReference; lastKnownFileType = text.plist.xml; path = Info.plist; sourceTree = "<group>"; };
		9BE7F46B1B54BCE900D40AC1 /* main.m */ = {isa = PBXFileReference; lastKnownFileType = sourcecode.c.objc; path = main.m; sourceTree = "<group>"; };
		9BE7F46D1B54BCE900D40AC1 /* AppDelegate.h */ = {isa = PBXFileReference; lastKnownFileType = sourcecode.c.h; path = AppDelegate.h; sourceTree = "<group>"; };
		9BE7F46E1B54BCE900D40AC1 /* AppDelegate.m */ = {isa = PBXFileReference; lastKnownFileType = sourcecode.c.objc; path = AppDelegate.m; sourceTree = "<group>"; };
		9BE7F4701B54BCE900D40AC1 /* Images.xcassets */ = {isa = PBXFileReference; lastKnownFileType = folder.assetcatalog; path = Images.xcassets; sourceTree = "<group>"; };
		9BE7F4731B54BCE900D40AC1 /* Base */ = {isa = PBXFileReference; lastKnownFileType = file.xib; name = Base; path = Base.lproj/LaunchScreen.xib; sourceTree = "<group>"; };
		9BE7F4791B54BCE900D40AC1 /* DeTiTests.xctest */ = {isa = PBXFileReference; explicitFileType = wrapper.cfbundle; includeInIndex = 0; path = DeTiTests.xctest; sourceTree = BUILT_PRODUCTS_DIR; };
		9BE7F47E1B54BCE900D40AC1 /* Info.plist */ = {isa = PBXFileReference; lastKnownFileType = text.plist.xml; path = Info.plist; sourceTree = "<group>"; };
		9BE7F47F1B54BCE900D40AC1 /* DeTiTests.m */ = {isa = PBXFileReference; lastKnownFileType = sourcecode.c.objc; path = DeTiTests.m; sourceTree = "<group>"; };
/* End PBXFileReference section */

/* Begin PBXFrameworksBuildPhase section */
		9BE7F4631B54BCE900D40AC1 /* Frameworks */ = {
			isa = PBXFrameworksBuildPhase;
			buildActionMask = 2147483647;
			files = (
			);
			runOnlyForDeploymentPostprocessing = 0;
		};
		9BE7F4761B54BCE900D40AC1 /* Frameworks */ = {
			isa = PBXFrameworksBuildPhase;
			buildActionMask = 2147483647;
			files = (
			);
			runOnlyForDeploymentPostprocessing = 0;
		};
/* End PBXFrameworksBuildPhase section */

/* Begin PBXGroup section */
		9BE7F45D1B54BCE900D40AC1 = {
			isa = PBXGroup;
			children = (
				9BE7F4681B54BCE900D40AC1 /* DeTi */,
				9BE7F47C1B54BCE900D40AC1 /* DeTiTests */,
				9BE7F4671B54BCE900D40AC1 /* Products */,
			);
			sourceTree = "<group>";
		};
		9BE7F4671B54BCE900D40AC1 /* Products */ = {
			isa = PBXGroup;
			children = (
				9BE7F4661B54BCE900D40AC1 /* DeTi.app */,
				9BE7F4791B54BCE900D40AC1 /* DeTiTests.xctest */,
			);
			name = Products;
			sourceTree = "<group>";
		};
		9BE7F4681B54BCE900D40AC1 /* DeTi */ = {
			isa = PBXGroup;
			children = (
				9BE7F46D1B54BCE900D40AC1 /* AppDelegate.h */,
				9BE7F46E1B54BCE900D40AC1 /* AppDelegate.m */,
				9BE7F4701B54BCE900D40AC1 /* Images.xcassets */,
				9BE7F4721B54BCE900D40AC1 /* LaunchScreen.xib */,
				9BE7F4691B54BCE900D40AC1 /* Supporting Files */,
			);
			path = DeTi;
			sourceTree = "<group>";
		};
		9BE7F4691B54BCE900D40AC1 /* Supporting Files */ = {
			isa = PBXGroup;
			children = (
				9BE7F46A1B54BCE900D40AC1 /* Info.plist */,
				9BE7F46B1B54BCE900D40AC1 /* main.m */,
			);
			name = "Supporting Files";
			sourceTree = "<group>";
		};
		9BE7F47C1B54BCE900D40AC1 /* DeTiTests */ = {
			isa = PBXGroup;
			children = (
				9BE7F47F1B54BCE900D40AC1 /* DeTiTests.m */,
				9BE7F47D1B54BCE900D40AC1 /* Supporting Files */,
			);
			path = DeTiTests;
			sourceTree = "<group>";
		};
		9BE7F47D1B54BCE900D40AC1 /* Supporting Files */ = {
			isa = PBXGroup;
			children = (
				9BE7F47E1B54BCE900D40AC1 /* Info.plist */,
			);
			name = "Supporting Files";
			sourceTree = "<group>";
		};
/* End PBXGroup section */

/* Begin PBXNativeTarget section */
		9BE7F4651B54BCE900D40AC1 /* DeTi */ = {
			isa = PBXNativeTarget;
			buildConfigurationList = 9BE7F4831B54BCE900D40AC1 /* Build configuration list for PBXNativeTarget "DeTi" */;
			buildPhases = (
				9BE7F4621B54BCE900D40AC1 /* Sources */,
				9BE7F4631B54BCE900D40AC1 /* Frameworks */,
				9BE7F4641B54BCE900D40AC1 /* Resources */,
			);
			buildRules = (
			);
			dependencies = (
			);
			name = DeTi;
			productName = DeTi;
			productReference = 9BE7F4661B54BCE900D40AC1 /* DeTi.app */;
			productType = "com.apple.product-type.application";
		};
		9BE7F4781B54BCE900D40AC1 /* DeTiTests */ = {
			isa = PBXNativeTarget;
			buildConfigurationList = 9BE7F4861B54BCE900D40AC1 /* Build configuration list for PBXNativeTarget "DeTiTests" */;
			buildPhases = (
				9BE7F4751B54BCE900D40AC1 /* Sources */,
				9BE7F4761B54BCE900D40AC1 /* Frameworks */,
				9BE7F4771B54BCE900D40AC1 /* Resources */,
			);
			buildRules = (
			);
			dependencies = (
				9BE7F47B1B54BCE900D40AC1 /* PBXTargetDependency */,
			);
			name = DeTiTests;
			productName = DeTiTests;
			productReference = 9BE7F4791B54BCE900D40AC1 /* DeTiTests.xctest */;
			productType = "com.apple.product-type.bundle.unit-test";
		};
/* End PBXNativeTarget section */

/* Begin PBXProject section */
		9BE7F45E1B54BCE900D40AC1 /* Project object */ = {
			isa = PBXProject;
			attributes = {
				LastUpgradeCheck = 0640;
				ORGANIZATIONNAME = Lee;
				TargetAttributes = {
					9BE7F4651B54BCE900D40AC1 = {
						CreatedOnToolsVersion = 6.4;
					};
					9BE7F4781B54BCE900D40AC1 = {
						CreatedOnToolsVersion = 6.4;
						TestTargetID = 9BE7F4651B54BCE900D40AC1;
					};
				};
			};
			buildConfigurationList = 9BE7F4611B54BCE900D40AC1 /* Build configuration list for PBXProject "DeTi" */;
			compatibilityVersion = "Xcode 3.2";
			developmentRegion = English;
			hasScannedForEncodings = 0;
			knownRegions = (
				en,
				Base,
			);
			mainGroup = 9BE7F45D1B54BCE900D40AC1;
			productRefGroup = 9BE7F4671B54BCE900D40AC1 /* Products */;
			projectDirPath = "";
			projectRoot = "";
			targets = (
				9BE7F4651B54BCE900D40AC1 /* DeTi */,
				9BE7F4781B54BCE900D40AC1 /* DeTiTests */,
			);
		};
/* End PBXProject section */

/* Begin PBXResourcesBuildPhase section */
		9BE7F4641B54BCE900D40AC1 /* Resources */ = {
			isa = PBXResourcesBuildPhase;
			buildActionMask = 2147483647;
			files = (
				9BE7F4741B54BCE900D40AC1 /* LaunchScreen.xib in Resources */,
				9BE7F4711B54BCE900D40AC1 /* Images.xcassets in Resources */,
			);
			runOnlyForDeploymentPostprocessing = 0;
		};
		9BE7F4771B54BCE900D40AC1 /* Resources */ = {
			isa = PBXResourcesBuildPhase;
			buildActionMask = 2147483647;
			files = (
			);
			runOnlyForDeploymentPostprocessing = 0;
		};
/* End PBXResourcesBuildPhase section */

/* Begin PBXSourcesBuildPhase section */
		9BE7F4621B54BCE900D40AC1 /* Sources */ = {
			isa = PBXSourcesBuildPhase;
			buildActionMask = 2147483647;
			files = (
				9BE7F46F1B54BCE900D40AC1 /* AppDelegate.m in Sources */,
				9BE7F46C1B54BCE900D40AC1 /* main.m in Sources */,
			);
			runOnlyForDeploymentPostprocessing = 0;
		};
		9BE7F4751B54BCE900D40AC1 /* Sources */ = {
			isa = PBXSourcesBuildPhase;
			buildActionMask = 2147483647;
			files = (
				9BE7F4801B54BCE900D40AC1 /* DeTiTests.m in Sources */,
			);
			runOnlyForDeploymentPostprocessing = 0;
		};
/* End PBXSourcesBuildPhase section */

/* Begin PBXTargetDependency section */
		9BE7F47B1B54BCE900D40AC1 /* PBXTargetDependency */ = {
			isa = PBXTargetDependency;
			target = 9BE7F4651B54BCE900D40AC1 /* DeTi */;
			targetProxy = 9BE7F47A1B54BCE900D40AC1 /* PBXContainerItemProxy */;
		};
/* End PBXTargetDependency section */

/* Begin PBXVariantGroup section */
		9BE7F4721B54BCE900D40AC1 /* LaunchScreen.xib */ = {
			isa = PBXVariantGroup;
			children = (
				9BE7F4731B54BCE900D40AC1 /* Base */,
			);
			name = LaunchScreen.xib;
			sourceTree = "<group>";
		};
/* End PBXVariantGroup section */

/* Begin XCBuildConfiguration section */
		9BE7F4811B54BCE900D40AC1 /* Debug */ = {
			isa = XCBuildConfiguration;
			buildSettings = {
				ALWAYS_SEARCH_USER_PATHS = NO;
				CLANG_CXX_LANGUAGE_STANDARD = "gnu++0x";
				CLANG_CXX_LIBRARY = "libc++";
				CLANG_ENABLE_MODULES = YES;
				CLANG_ENABLE_OBJC_ARC = YES;
				CLANG_WARN_BOOL_CONVERSION = YES;
				CLANG_WARN_CONSTANT_CONVERSION = YES;
				CLANG_WARN_DIRECT_OBJC_ISA_USAGE = YES_ERROR;
				CLANG_WARN_EMPTY_BODY = YES;
				CLANG_WARN_ENUM_CONVERSION = YES;
				CLANG_WARN_INT_CONVERSION = YES;
				CLANG_WARN_OBJC_ROOT_CLASS = YES_ERROR;
				CLANG_WARN_UNREACHABLE_CODE = YES;
				CLANG_WARN__DUPLICATE_METHOD_MATCH = YES;
				"CODE_SIGN_IDENTITY[sdk=iphoneos*]" = "iPhone Developer";
				COPY_PHASE_STRIP = NO;
				DEBUG_INFORMATION_FORMAT = "dwarf-with-dsym";
				ENABLE_STRICT_OBJC_MSGSEND = YES;
				GCC_C_LANGUAGE_STANDARD = gnu99;
				GCC_DYNAMIC_NO_PIC = NO;
				GCC_NO_COMMON_BLOCKS = YES;
				GCC_OPTIMIZATION_LEVEL = 0;
				GCC_PREPROCESSOR_DEFINITIONS = (
					"DEBUG=1",
					"$(inherited)",
				);
				GCC_SYMBOLS_PRIVATE_EXTERN = NO;
				GCC_WARN_64_TO_32_BIT_CONVERSION = YES;
				GCC_WARN_ABOUT_RETURN_TYPE = YES_ERROR;
				GCC_WARN_UNDECLARED_SELECTOR = YES;
				GCC_WARN_UNINITIALIZED_AUTOS = YES_AGGRESSIVE;
				GCC_WARN_UNUSED_FUNCTION = YES;
				GCC_WARN_UNUSED_VARIABLE = YES;
				IPHONEOS_DEPLOYMENT_TARGET = 8.4;
				MTL_ENABLE_DEBUG_INFO = YES;
				ONLY_ACTIVE_ARCH = YES;
				SDKROOT = iphoneos;
				TARGETED_DEVICE_FAMILY = "1,2";
			};
			name = Debug;
		};
		9BE7F4821B54BCE900D40AC1 /* Release */ = {
			isa = XCBuildConfiguration;
			buildSettings = {
				ALWAYS_SEARCH_USER_PATHS = NO;
				CLANG_CXX_LANGUAGE_STANDARD = "gnu++0x";
				CLANG_CXX_LIBRARY = "libc++";
				CLANG_ENABLE_MODULES = YES;
				CLANG_ENABLE_OBJC_ARC = YES;
				CLANG_WARN_BOOL_CONVERSION = YES;
				CLANG_WARN_CONSTANT_CONVERSION = YES;
				CLANG_WARN_DIRECT_OBJC_ISA_USAGE = YES_ERROR;
				CLANG_WARN_EMPTY_BODY = YES;
				CLANG_WARN_ENUM_CONVERSION = YES;
				CLANG_WARN_INT_CONVERSION = YES;
				CLANG_WARN_OBJC_ROOT_CLASS = YES_ERROR;
				CLANG_WARN_UNREACHABLE_CODE = YES;
				CLANG_WARN__DUPLICATE_METHOD_MATCH = YES;
				"CODE_SIGN_IDENTITY[sdk=iphoneos*]" = "iPhone Developer";
				COPY_PHASE_STRIP = NO;
				DEBUG_INFORMATION_FORMAT = "dwarf-with-dsym";
				ENABLE_NS_ASSERTIONS = NO;
				ENABLE_STRICT_OBJC_MSGSEND = YES;
				GCC_C_LANGUAGE_STANDARD = gnu99;
				GCC_NO_COMMON_BLOCKS = YES;
				GCC_WARN_64_TO_32_BIT_CONVERSION = YES;
				GCC_WARN_ABOUT_RETURN_TYPE = YES_ERROR;
				GCC_WARN_UNDECLARED_SELECTOR = YES;
				GCC_WARN_UNINITIALIZED_AUTOS = YES_AGGRESSIVE;
				GCC_WARN_UNUSED_FUNCTION = YES;
				GCC_WARN_UNUSED_VARIABLE = YES;
				IPHONEOS_DEPLOYMENT_TARGET = 8.4;
				MTL_ENABLE_DEBUG_INFO = NO;
				SDKROOT = iphoneos;
				TARGETED_DEVICE_FAMILY = "1,2";
				VALIDATE_PRODUCT = YES;
			};
			name = Release;
		};
		9BE7F4841B54BCE900D40AC1 /* Debug */ = {
			isa = XCBuildConfiguration;
			buildSettings = {
				ASSETCATALOG_COMPILER_APPICON_NAME = AppIcon;
				INFOPLIST_FILE = DeTi/Info.plist;
				LD_RUNPATH_SEARCH_PATHS = "$(inherited) @executable_path/Frameworks";
				PRODUCT_NAME = "$(TARGET_NAME)";
			};
			name = Debug;
		};
		9BE7F4851B54BCE900D40AC1 /* Release */ = {
			isa = XCBuildConfiguration;
			buildSettings = {
				ASSETCATALOG_COMPILER_APPICON_NAME = AppIcon;
				INFOPLIST_FILE = DeTi/Info.plist;
				LD_RUNPATH_SEARCH_PATHS = "$(inherited) @executable_path/Frameworks";
				PRODUCT_NAME = "$(TARGET_NAME)";
			};
			name = Release;
		};
		9BE7F4871B54BCE900D40AC1 /* Debug */ = {
			isa = XCBuildConfiguration;
			buildSettings = {
				BUNDLE_LOADER = "$(TEST_HOST)";
				FRAMEWORK_SEARCH_PATHS = (
					"$(SDKROOT)/Developer/Library/Frameworks",
					"$(inherited)",
				);
				GCC_PREPROCESSOR_DEFINITIONS = (
					"DEBUG=1",
					"$(inherited)",
				);
				INFOPLIST_FILE = DeTiTests/Info.plist;
				LD_RUNPATH_SEARCH_PATHS = "$(inherited) @executable_path/Frameworks @loader_path/Frameworks";
				PRODUCT_NAME = "$(TARGET_NAME)";
				TEST_HOST = "$(BUILT_PRODUCTS_DIR)/DeTi.app/DeTi";
			};
			name = Debug;
		};
		9BE7F4881B54BCE900D40AC1 /* Release */ = {
			isa = XCBuildConfiguration;
			buildSettings = {
				BUNDLE_LOADER = "$(TEST_HOST)";
				FRAMEWORK_SEARCH_PATHS = (
					"$(SDKROOT)/Developer/Library/Frameworks",
					"$(inherited)",
				);
				INFOPLIST_FILE = DeTiTests/Info.plist;
				LD_RUNPATH_SEARCH_PATHS = "$(inherited) @executable_path/Frameworks @loader_path/Frameworks";
				PRODUCT_NAME = "$(TARGET_NAME)";
				TEST_HOST = "$(BUILT_PRODUCTS_DIR)/DeTi.app/DeTi";
			};
			name = Release;
		};
/* End XCBuildConfiguration section */

/* Begin XCConfigurationList section */
		9BE7F4611B54BCE900D40AC1 /* Build configuration list for PBXProject "DeTi" */ = {
			isa = XCConfigurationList;
			buildConfigurations = (
				9BE7F4811B54BCE900D40AC1 /* Debug */,
				9BE7F4821B54BCE900D40AC1 /* Release */,
			);
			defaultConfigurationIsVisible = 0;
			defaultConfigurationName = Release;
		};
		9BE7F4831B54BCE900D40AC1 /* Build configuration list for PBXNativeTarget "DeTi" */ = {
			isa = XCConfigurationList;
			buildConfigurations = (
				9BE7F4841B54BCE900D40AC1 /* Debug */,
				9BE7F4851B54BCE900D40AC1 /* Release */,
			);
			defaultConfigurationIsVisible = 0;
		};
		9BE7F4861B54BCE900D40AC1 /* Build configuration list for PBXNativeTarget "DeTiTests" */ = {
			isa = XCConfigurationList;
			buildConfigurations = (
				9BE7F4871B54BCE900D40AC1 /* Debug */,
				9BE7F4881B54BCE900D40AC1 /* Release */,
			);
			defaultConfigurationIsVisible = 0;
		};
/* End XCConfigurationList section */
	};
	rootObject = 9BE7F45E1B54BCE900D40AC1 /* Project object */;
}
